
Microsoft Visual Studio Solution File, Format Version 12.00
# Visual Studio Version 17
VisualStudioVersion = 17.2.32519.379
MinimumVisualStudioVersion = 10.0.40219.1
Project("{9A19103F-16F7-4668-BE54-9A1E7A4F7556}") = "HttpGetRandomImageWebAPI", "HttpGetRandomImageWebAPI\HttpGetRandomImageWebAPI.csproj", "{C12A3A7F-2A55-4CF2-9744-C103196D89C3}"
EndProject
Project("{9A19103F-16F7-4668-BE54-9A1E7A4F7556}") = "DataAccessLayer", "DataAccessLayer\DataAccessLayer.csproj", "{B65E0025-C1AA-4E05-A318-0F175EF39254}"
EndProject
Project("{FAE04EC0-301F-11D3-BF4B-00C04F79EFBC}") = "SampleDatabaseWalkthrough", "SampleDatabaseWalkthrough\SampleDatabaseWalkthrough.csproj", "{31EC4DA1-C1C8-4951-9EF3-D22834483E2E}"
EndProject
Project("{FAE04EC0-301F-11D3-BF4B-00C04F79EFBC}") = "TodoApi", "TodoApi\TodoApi.csproj", "{07AE68CD-18D3-4EF1-B413-FB87CCE35783}"
EndProject
Global
	GlobalSection(SolutionConfigurationPlatforms) = preSolution
		Debug|Any CPU = Debug|Any CPU
		Release|Any CPU = Release|Any CPU
	EndGlobalSection
	GlobalSection(ProjectConfigurationPlatforms) = postSolution
		{C12A3A7F-2A55-4CF2-9744-C103196D89C3}.Debug|Any CPU.ActiveCfg = Debug|Any CPU
		{C12A3A7F-2A55-4CF2-9744-C103196D89C3}.Debug|Any CPU.Build.0 = Debug|Any CPU
		{C12A3A7F-2A55-4CF2-9744-C103196D89C3}.Release|Any CPU.ActiveCfg = Release|Any CPU
		{C12A3A7F-2A55-4CF2-9744-C103196D89C3}.Release|Any CPU.Build.0 = Release|Any CPU
		{B65E0025-C1AA-4E05-A318-0F175EF39254}.Debug|Any CPU.ActiveCfg = Debug|Any CPU
		{B65E0025-C1AA-4E05-A318-0F175EF39254}.Debug|Any CPU.Build.0 = Debug|Any CPU
		{B65E0025-C1AA-4E05-A318-0F175EF39254}.Release|Any CPU.ActiveCfg = Release|Any CPU
		{B65E0025-C1AA-4E05-A318-0F175EF39254}.Release|Any CPU.Build.0 = Release|Any CPU
		{31EC4DA1-C1C8-4951-9EF3-D22834483E2E}.Debug|Any CPU.ActiveCfg = Debug|Any CPU
		{31EC4DA1-C1C8-4951-9EF3-D22834483E2E}.Debug|Any CPU.Build.0 = Debug|Any CPU
		{31EC4DA1-C1C8-4951-9EF3-D22834483E2E}.Release|Any CPU.ActiveCfg = Release|Any CPU
		{31EC4DA1-C1C8-4951-9EF3-D22834483E2E}.Release|Any CPU.Build.0 = Release|Any CPU
		{07AE68CD-18D3-4EF1-B413-FB87CCE35783}.Debug|Any CPU.ActiveCfg = Debug|Any CPU
		{07AE68CD-18D3-4EF1-B413-FB87CCE35783}.Debug|Any CPU.Build.0 = Debug|Any CPU
		{07AE68CD-18D3-4EF1-B413-FB87CCE35783}.Release|Any CPU.ActiveCfg = Release|Any CPU
		{07AE68CD-18D3-4EF1-B413-FB87CCE35783}.Release|Any CPU.Build.0 = Release|Any CPU
	EndGlobalSection
	GlobalSection(SolutionProperties) = preSolution
		HideSolutionNode = FALSE
	EndGlobalSection
	GlobalSection(ExtensibilityGlobals) = postSolution
		SolutionGuid = {58037F30-06A9-408C-8452-D99C35E06C3A}
	EndGlobalSection
EndGlobal
